// !$*UTF8*$!
{
	archiveVersion = 1;
	classes = {
	};
	objectVersion = 70;
	objects = {

/* Begin PBXBuildFile section */
		070AF149949C272C44C59EDA /* HealthCore in Frameworks */ = {isa = PBXBuildFile; productRef = EE948AF685D79B1E2A501214 /* HealthCore */; };
		4BB81A9BDD3AAEB6492685E6 /* HealthCore in Frameworks */ = {isa = PBXBuildFile; productRef = 2BCE91EDC831DFCF1B1FDA5F /* HealthCore */; };
		678728170F1CC0610D8F6D12 /* HealthCore in Frameworks */ = {isa = PBXBuildFile; productRef = 65B3B65C47F6D1BBADA305FB /* HealthCore */; };
		878845C4AAAA49F21D4E53FF /* HealthIntelligence in Frameworks */ = {isa = PBXBuildFile; productRef = AACABB6070E8EB7954A3D8BF /* HealthIntelligence */; };
		DFC97FE0906B3CDA926EAAD8 /* HealthIntelligence in Frameworks */ = {isa = PBXBuildFile; productRef = 22761626DF1EC9CA1C7FEABF /* HealthIntelligence */; };
		EFB302A69EFB63CDE4ADD94E /* HealthIntelligence in Frameworks */ = {isa = PBXBuildFile; productRef = 77B9DEAD05EF66676E9CBD7C /* HealthIntelligence */; };
/* End PBXBuildFile section */

/* Begin PBXFileReference section */
		2D28AC1558AED4275C96CBF0 /* MyHealth.app */ = {isa = PBXFileReference; explicitFileType = wrapper.application; includeInIndex = 0; path = MyHealth.app; sourceTree = BUILT_PRODUCTS_DIR; };
		4F3C505D3C60107267AB9833 /* MyHealthWatch.app */ = {isa = PBXFileReference; explicitFileType = wrapper.application; includeInIndex = 0; path = MyHealthWatch.app; sourceTree = BUILT_PRODUCTS_DIR; };
		56AB1D9EC9A08A41B66FD3F3 /* MyHealthWatch.entitlements */ = {isa = PBXFileReference; lastKnownFileType = text.plist.entitlements; path = MyHealthWatch.entitlements; sourceTree = "<group>"; };
		842B5472E1AF572025C7B64E /* MyHealthPhone.entitlements */ = {isa = PBXFileReference; lastKnownFileType = text.plist.entitlements; path = MyHealthPhone.entitlements; sourceTree = "<group>"; };
		B6FE5C535014641A73F15FD8 /* MyHealth.entitlements */ = {isa = PBXFileReference; lastKnownFileType = text.plist.entitlements; path = MyHealth.entitlements; sourceTree = "<group>"; };
		C0D2A5A6C7D7286E418232B0 /* MyHealthPhone.app */ = {isa = PBXFileReference; explicitFileType = wrapper.application; includeInIndex = 0; path = MyHealthPhone.app; sourceTree = BUILT_PRODUCTS_DIR; };
/* End PBXFileReference section */

/* Begin PBXFileSystemSynchronizedRootGroup section */
		2C4601E36A28AB8535C89FFF /* MyHealth */ = {isa = PBXFileSystemSynchronizedRootGroup; explicitFileTypes = {}; explicitFolders = (); path = MyHealth; sourceTree = "<group>"; };
		4F77E80DD793C44DF6E5454E /* MyHealthPhone */ = {isa = PBXFileSystemSynchronizedRootGroup; explicitFileTypes = {}; explicitFolders = (); path = MyHealthPhone; sourceTree = "<group>"; };
		81A93A20C1A1F48AA64A7F9C /* MyHealthWatch */ = {isa = PBXFileSystemSynchronizedRootGroup; explicitFileTypes = {}; explicitFolders = (); path = MyHealthWatch; sourceTree = "<group>"; };
/* End PBXFileSystemSynchronizedRootGroup section */

/* Begin PBXFrameworksBuildPhase section */
		B3B82733C17A0CC54CE92777 /* Frameworks */ = {
			isa = PBXFrameworksBuildPhase;
			buildActionMask = 2147483647;
			files = (
				678728170F1CC0610D8F6D12 /* HealthCore in Frameworks */,
				DFC97FE0906B3CDA926EAAD8 /* HealthIntelligence in Frameworks */,
			);
			runOnlyForDeploymentPostprocessing = 0;
		};
		C352FD61E4606F8CCEE5B08B /* Frameworks */ = {
			isa = PBXFrameworksBuildPhase;
			buildActionMask = 2147483647;
			files = (
				070AF149949C272C44C59EDA /* HealthCore in Frameworks */,
				878845C4AAAA49F21D4E53FF /* HealthIntelligence in Frameworks */,
			);
			runOnlyForDeploymentPostprocessing = 0;
		};
		DAEBF13423D7042F6D5D2A96 /* Frameworks */ = {
			isa = PBXFrameworksBuildPhase;
			buildActionMask = 2147483647;
			files = (
				4BB81A9BDD3AAEB6492685E6 /* HealthCore in Frameworks */,
				EFB302A69EFB63CDE4ADD94E /* HealthIntelligence in Frameworks */,
			);
			runOnlyForDeploymentPostprocessing = 0;
		};
/* End PBXFrameworksBuildPhase section */

/* Begin PBXGroup section */
		6ED7EFE0FFDEE78D655E5AD6 /* Config */ = {
			isa = PBXGroup;
			children = (
				B6FE5C535014641A73F15FD8 /* MyHealth.entitlements */,
				56AB1D9EC9A08A41B66FD3F3 /* MyHealthWatch.entitlements */,
				842B5472E1AF572025C7B64E /* MyHealthPhone.entitlements */,
			);
			path = Config;
			sourceTree = "<group>";
		};
		DC76E9F0C0006E8F919E0C51 = {
			isa = PBXGroup;
			children = (
				2C4601E36A28AB8535C89FFF /* MyHealth */,
				81A93A20C1A1F48AA64A7F9C /* MyHealthWatch */,
				4F77E80DD793C44DF6E5454E /* MyHealthPhone */,
				6ED7EFE0FFDEE78D655E5AD6 /* Config */,
				FBDC4F23F93125BBEEAE800C /* Products */,
			);
			sourceTree = "<group>";
		};
		FBDC4F23F93125BBEEAE800C /* Products */ = {
			isa = PBXGroup;
			children = (
				2D28AC1558AED4275C96CBF0 /* MyHealth.app */,
				4F3C505D3C60107267AB9833 /* MyHealthWatch.app */,
				C0D2A5A6C7D7286E418232B0 /* MyHealthPhone.app */,
			);
			name = Products;
			sourceTree = "<group>";
		};
/* End PBXGroup section */

/* Begin PBXNativeTarget section */
		3A330B6070D8BDDABEE14E8A /* MyHealthWatch */ = {
			isa = PBXNativeTarget;
			buildConfigurationList = F5E32334F7B075E40BD21B50 /* Build configuration list for PBXNativeTarget "MyHealthWatch" */;
			buildPhases = (
				023BE5AB7AC5F220CFA783FB /* Sources */,
				B3B82733C17A0CC54CE92777 /* Frameworks */,
				D3B24EF5D4D7D067813D3298 /* Resources */,
			);
			buildRules = (
			);
			dependencies = (
			);
			fileSystemSynchronizedGroups = (
				81A93A20C1A1F48AA64A7F9C /* MyHealthWatch */,
			);
			name = MyHealthWatch;
			packageProductDependencies = (
				65B3B65C47F6D1BBADA305FB /* HealthCore */,
				22761626DF1EC9CA1C7FEABF /* HealthIntelligence */,
			);
			productName = MyHealthWatch;
			productReference = 4F3C505D3C60107267AB9833 /* MyHealthWatch.app */;
			productType = "com.apple.product-type.application";
		};
		728E87D49C49DBDE16617346 /* MyHealthPhone */ = {
			isa = PBXNativeTarget;
			buildConfigurationList = 7493976B052A59714B694E7A /* Build configuration list for PBXNativeTarget "MyHealthPhone" */;
			buildPhases = (
				852B1973B9CE1A6E0A96127B /* Sources */,
				C352FD61E4606F8CCEE5B08B /* Frameworks */,
				281EA1147668F40C8A363AD0 /* Resources */,
			);
			buildRules = (
			);
			dependencies = (
			);
			fileSystemSynchronizedGroups = (
				4F77E80DD793C44DF6E5454E /* MyHealthPhone */,
			);
			name = MyHealthPhone;
			packageProductDependencies = (
				EE948AF685D79B1E2A501214 /* HealthCore */,
				AACABB6070E8EB7954A3D8BF /* HealthIntelligence */,
			);
			productName = MyHealthPhone;
			productReference = C0D2A5A6C7D7286E418232B0 /* MyHealthPhone.app */;
			productType = "com.apple.product-type.application";
		};
		D8FF789801310C350534D4A4 /* MyHealth */ = {
			isa = PBXNativeTarget;
			buildConfigurationList = FA8003F4BA2A6F68954E35F5 /* Build configuration list for PBXNativeTarget "MyHealth" */;
			buildPhases = (
				19612833FC4675FA84C2AF37 /* Sources */,
				DAEBF13423D7042F6D5D2A96 /* Frameworks */,
				15A257C71AB541C1D94886EA /* Resources */,
			);
			buildRules = (
			);
			dependencies = (
			);
			fileSystemSynchronizedGroups = (
				2C4601E36A28AB8535C89FFF /* MyHealth */,
			);
			name = MyHealth;
			packageProductDependencies = (
				2BCE91EDC831DFCF1B1FDA5F /* HealthCore */,
				77B9DEAD05EF66676E9CBD7C /* HealthIntelligence */,
			);
			productName = MyHealth;
			productReference = 2D28AC1558AED4275C96CBF0 /* MyHealth.app */;
			productType = "com.apple.product-type.application";
		};
/* End PBXNativeTarget section */

/* Begin PBXProject section */
		98F54143AB4E86B28C3AFEE0 /* Project object */ = {
			isa = PBXProject;
			attributes = {
				BuildIndependentTargetsInParallel = 1;
				LastSwiftUpdateCheck = 1600;
				LastUpgradeCheck = 1600;
				TargetAttributes = {
					3A330B6070D8BDDABEE14E8A = {
						CreatedOnToolsVersion = 16.0;
					};
					728E87D49C49DBDE16617346 = {
						CreatedOnToolsVersion = 16.0;
					};
					D8FF789801310C350534D4A4 = {
						CreatedOnToolsVersion = 16.0;
					};
				};
			};
			buildConfigurationList = 0D00591048F4E94E99EA44E5 /* Build configuration list for PBXProject "MyHealth" */;
			compatibilityVersion = "Xcode 15.0";
			developmentRegion = en;
			hasScannedForEncodings = 0;
			knownRegions = (
				en,
				Base,
			);
			mainGroup = DC76E9F0C0006E8F919E0C51;
			minimizedProjectReferenceProxies = 1;
			packageReferences = (
				A23980FAA430BEE1AC9C87AD /* XCLocalSwiftPackageReference "Packages/HealthCore" */,
				B263BE8E983AC8366709F668 /* XCLocalSwiftPackageReference "Packages/HealthIntelligence" */,
			);
			productRefGroup = FBDC4F23F93125BBEEAE800C /* Products */;
			projectDirPath = "";
			projectRoot = "";
			targets = (
				D8FF789801310C350534D4A4 /* MyHealth */,
				3A330B6070D8BDDABEE14E8A /* MyHealthWatch */,
				728E87D49C49DBDE16617346 /* MyHealthPhone */,
			);
		};
/* End PBXProject section */

/* Begin PBXResourcesBuildPhase section */
		15A257C71AB541C1D94886EA /* Resources */ = {
			isa = PBXResourcesBuildPhase;
			buildActionMask = 2147483647;
			files = (
			);
			runOnlyForDeploymentPostprocessing = 0;
		};
		281EA1147668F40C8A363AD0 /* Resources */ = {
			isa = PBXResourcesBuildPhase;
			buildActionMask = 2147483647;
			files = (
			);
			runOnlyForDeploymentPostprocessing = 0;
		};
		D3B24EF5D4D7D067813D3298 /* Resources */ = {
			isa = PBXResourcesBuildPhase;
			buildActionMask = 2147483647;
			files = (
			);
			runOnlyForDeploymentPostprocessing = 0;
		};
/* End PBXResourcesBuildPhase section */

/* Begin PBXSourcesBuildPhase section */
		023BE5AB7AC5F220CFA783FB /* Sources */ = {
			isa = PBXSourcesBuildPhase;
			buildActionMask = 2147483647;
			files = (
			);
			runOnlyForDeploymentPostprocessing = 0;
		};
		19612833FC4675FA84C2AF37 /* Sources */ = {
			isa = PBXSourcesBuildPhase;
			buildActionMask = 2147483647;
			files = (
			);
			runOnlyForDeploymentPostprocessing = 0;
		};
		852B1973B9CE1A6E0A96127B /* Sources */ = {
			isa = PBXSourcesBuildPhase;
			buildActionMask = 2147483647;
			files = (
			);
			runOnlyForDeploymentPostprocessing = 0;
		};
/* End PBXSourcesBuildPhase section */

/* Begin XCBuildConfiguration section */
		1645AC0ACA5B8F118F609349 /* Release */ = {
			isa = XCBuildConfiguration;
			buildSettings = {
				ASSETCATALOG_COMPILER_APPICON_NAME = AppIcon;
				ASSETCATALOG_COMPILER_GLOBAL_ACCENT_COLOR_NAME = AccentColor;
				CODE_SIGN_ENTITLEMENTS = Config/MyHealth.entitlements;
				CODE_SIGN_STYLE = Automatic;
				COMBINE_HIDPI_IMAGES = YES;
				CURRENT_PROJECT_VERSION = 1;
				DEVELOPMENT_TEAM = UPF9A27355;
				ENABLE_HARDENED_RUNTIME = YES;
				ENABLE_PREVIEWS = YES;
				GENERATE_INFOPLIST_FILE = YES;
				INFOPLIST_KEY_LSApplicationCategoryType = "public.app-category.healthcare-fitness";
				INFOPLIST_KEY_NSHealthShareUsageDescription = "MyHealth reads your activity, heart, workout and nutrition data so it can chart your fitness over time.";
				INFOPLIST_KEY_NSHealthUpdateUsageDescription = "MyHealth saves the food, drink and body measurements you log so they appear in the Health app alongside everything else.";
				INFOPLIST_KEY_NSHumanReadableCopyright = "";
				LD_RUNPATH_SEARCH_PATHS = (
					"$(inherited)",
					"@executable_path/../Frameworks",
				);
				MACOSX_DEPLOYMENT_TARGET = 14.0;
				MARKETING_VERSION = 1.0;
				PRODUCT_BUNDLE_IDENTIFIER = com.example.HealthProTracker;
				PRODUCT_NAME = "$(TARGET_NAME)";
				SDKROOT = macosx;
				SWIFT_EMIT_LOC_STRINGS = YES;
			};
			name = Release;
		};
		1A8B01656E762A87999825E8 /* Release */ = {
			isa = XCBuildConfiguration;
			buildSettings = {
				ALWAYS_SEARCH_USER_PATHS = NO;
				ASSETCATALOG_COMPILER_GENERATE_SWIFT_ASSET_SYMBOL_EXTENSIONS = YES;
				CLANG_ANALYZER_NONNULL = YES;
				CLANG_ENABLE_MODULES = YES;
				CLANG_ENABLE_OBJC_ARC = YES;
				COPY_PHASE_STRIP = NO;
				DEBUG_INFORMATION_FORMAT = "dwarf-with-dsym";
				ENABLE_NS_ASSERTIONS = NO;
				ENABLE_STRICT_OBJC_MSGSEND = YES;
				ENABLE_USER_SCRIPT_SANDBOXING = YES;
				GCC_NO_COMMON_BLOCKS = YES;
				LOCALIZATION_PREFERS_STRING_CATALOGS = YES;
				MTL_ENABLE_DEBUG_INFO = NO;
				SWIFT_COMPILATION_MODE = wholemodule;
				SWIFT_VERSION = 5.0;
			};
			name = Release;
		};
		5089F4ED4C9EEEA1E3856059 /* Debug */ = {
			isa = XCBuildConfiguration;
			buildSettings = {
				ALWAYS_SEARCH_USER_PATHS = NO;
				ASSETCATALOG_COMPILER_GENERATE_SWIFT_ASSET_SYMBOL_EXTENSIONS = YES;
				CLANG_ANALYZER_NONNULL = YES;
				CLANG_ENABLE_MODULES = YES;
				CLANG_ENABLE_OBJC_ARC = YES;
				COPY_PHASE_STRIP = NO;
				DEBUG_INFORMATION_FORMAT = dwarf;
				ENABLE_STRICT_OBJC_MSGSEND = YES;
				ENABLE_TESTABILITY = YES;
				ENABLE_USER_SCRIPT_SANDBOXING = YES;
				GCC_NO_COMMON_BLOCKS = YES;
				GCC_OPTIMIZATION_LEVEL = 0;
				LOCALIZATION_PREFERS_STRING_CATALOGS = YES;
				MTL_ENABLE_DEBUG_INFO = INCLUDE_SOURCE;
				ONLY_ACTIVE_ARCH = YES;
				SWIFT_ACTIVE_COMPILATION_CONDITIONS = "DEBUG $(inherited)";
				SWIFT_OPTIMIZATION_LEVEL = "-Onone";
				SWIFT_VERSION = 5.0;
			};
			name = Debug;
		};
		A872FE0A4DB4152A85E72F37 /* Debug */ = {
			isa = XCBuildConfiguration;
			buildSettings = {
				ASSETCATALOG_COMPILER_APPICON_NAME = AppIcon;
				ASSETCATALOG_COMPILER_GLOBAL_ACCENT_COLOR_NAME = AccentColor;
				CODE_SIGN_ENTITLEMENTS = Config/MyHealthPhone.entitlements;
				CODE_SIGN_STYLE = Automatic;
				CURRENT_PROJECT_VERSION = 1;
				ENABLE_PREVIEWS = YES;
				GENERATE_INFOPLIST_FILE = YES;
				INFOPLIST_KEY_CFBundleDisplayName = MyHealth;
				INFOPLIST_KEY_NSHealthShareUsageDescription = "MyHealth reads your activity, heart, workout and nutrition data so it can chart your fitness over time.";
				INFOPLIST_KEY_NSHealthUpdateUsageDescription = "MyHealth saves the food, drink and body measurements you log so they appear in the Health app alongside everything else.";
				INFOPLIST_KEY_UIApplicationSceneManifest_Generation = YES;
				INFOPLIST_KEY_UILaunchScreen_Generation = YES;
				INFOPLIST_KEY_UISupportedInterfaceOrientations = UIInterfaceOrientationPortrait;
				IPHONEOS_DEPLOYMENT_TARGET = 17.0;
				LD_RUNPATH_SEARCH_PATHS = (
					"$(inherited)",
					"@executable_path/Frameworks",
				);
				MARKETING_VERSION = 1.0;
				PRODUCT_BUNDLE_IDENTIFIER = com.example.MyHealth.phone;
				PRODUCT_NAME = "$(TARGET_NAME)";
				SDKROOT = iphoneos;
				SWIFT_EMIT_LOC_STRINGS = YES;
				TARGETED_DEVICE_FAMILY = "1,2";
			};
			name = Debug;
		};
		AB9FB6457AC82DC00366CF44 /* Debug */ = {
			isa = XCBuildConfiguration;
			buildSettings = {
				ASSETCATALOG_COMPILER_APPICON_NAME = AppIcon;
				ASSETCATALOG_COMPILER_GLOBAL_ACCENT_COLOR_NAME = AccentColor;
				CODE_SIGN_ENTITLEMENTS = Config/MyHealthWatch.entitlements;
				CODE_SIGN_STYLE = Automatic;
				CURRENT_PROJECT_VERSION = 1;
				ENABLE_PREVIEWS = YES;
				GENERATE_INFOPLIST_FILE = YES;
				INFOPLIST_KEY_CFBundleDisplayName = MyHealth;
				INFOPLIST_KEY_NSHealthShareUsageDescription = "MyHealth reads your activity, heart, workout and nutrition data so it can chart your fitness over time.";
				INFOPLIST_KEY_NSHealthUpdateUsageDescription = "MyHealth saves the food, drink and body measurements you log so they appear in the Health app alongside everything else.";
				INFOPLIST_KEY_WKApplication = YES;
				INFOPLIST_KEY_WKRunsIndependentlyOfCompanionApp = YES;
				LD_RUNPATH_SEARCH_PATHS = (
					"$(inherited)",
					"@executable_path/Frameworks",
				);
				MARKETING_VERSION = 1.0;
				PRODUCT_BUNDLE_IDENTIFIER = com.example.MyHealth.watchkitapp;
				PRODUCT_NAME = "$(TARGET_NAME)";
				SDKROOT = watchos;
				SKIP_INSTALL = YES;
				SWIFT_EMIT_LOC_STRINGS = YES;
				TARGETED_DEVICE_FAMILY = 4;
				WATCHOS_DEPLOYMENT_TARGET = 10.0;
			};
			name = Debug;
		};
		D54BDF60101EB3F6C4DA1816 /* Release */ = {
			isa = XCBuildConfiguration;
			buildSettings = {
				ASSETCATALOG_COMPILER_APPICON_NAME = AppIcon;
				ASSETCATALOG_COMPILER_GLOBAL_ACCENT_COLOR_NAME = AccentColor;
				CODE_SIGN_ENTITLEMENTS = Config/MyHealthPhone.entitlements;
				CODE_SIGN_STYLE = Automatic;
				CURRENT_PROJECT_VERSION = 1;
				ENABLE_PREVIEWS = YES;
				GENERATE_INFOPLIST_FILE = YES;
				INFOPLIST_KEY_CFBundleDisplayName = MyHealth;
				INFOPLIST_KEY_NSHealthShareUsageDescription = "MyHealth reads your activity, heart, workout and nutrition data so it can chart your fitness over time.";
				INFOPLIST_KEY_NSHealthUpdateUsageDescription = "MyHealth saves the food, drink and body measurements you log so they appear in the Health app alongside everything else.";
				INFOPLIST_KEY_UIApplicationSceneManifest_Generation = YES;
				INFOPLIST_KEY_UILaunchScreen_Generation = YES;
				INFOPLIST_KEY_UISupportedInterfaceOrientations = UIInterfaceOrientationPortrait;
				IPHONEOS_DEPLOYMENT_TARGET = 17.0;
				LD_RUNPATH_SEARCH_PATHS = (
					"$(inherited)",
					"@executable_path/Frameworks",
				);
				MARKETING_VERSION = 1.0;
				PRODUCT_BUNDLE_IDENTIFIER = com.example.MyHealth.phone;
				PRODUCT_NAME = "$(TARGET_NAME)";
				SDKROOT = iphoneos;
				SWIFT_EMIT_LOC_STRINGS = YES;
				TARGETED_DEVICE_FAMILY = "1,2";
			};
			name = Release;
		};
		E5B6A35C925BAC1D14A0F546 /* Debug */ = {
			isa = XCBuildConfiguration;
			buildSettings = {
				ASSETCATALOG_COMPILER_APPICON_NAME = AppIcon;
				ASSETCATALOG_COMPILER_GLOBAL_ACCENT_COLOR_NAME = AccentColor;
				CODE_SIGN_ENTITLEMENTS = Config/MyHealth.entitlements;
				CODE_SIGN_STYLE = Automatic;
				COMBINE_HIDPI_IMAGES = YES;
				CURRENT_PROJECT_VERSION = 1;
				DEVELOPMENT_TEAM = UPF9A27355;
				ENABLE_HARDENED_RUNTIME = YES;
				ENABLE_PREVIEWS = YES;
				GENERATE_INFOPLIST_FILE = YES;
				INFOPLIST_KEY_LSApplicationCategoryType = "public.app-category.healthcare-fitness";
				INFOPLIST_KEY_NSHealthShareUsageDescription = "MyHealth reads your activity, heart, workout and nutrition data so it can chart your fitness over time.";
				INFOPLIST_KEY_NSHealthUpdateUsageDescription = "MyHealth saves the food, drink and body measurements you log so they appear in the Health app alongside everything else.";
				INFOPLIST_KEY_NSHumanReadableCopyright = "";
				LD_RUNPATH_SEARCH_PATHS = (
					"$(inherited)",
					"@executable_path/../Frameworks",
				);
				MACOSX_DEPLOYMENT_TARGET = 14.0;
				MARKETING_VERSION = 1.0;
				PRODUCT_BUNDLE_IDENTIFIER = com.example.HealthProTracker;
				PRODUCT_NAME = "$(TARGET_NAME)";
				SDKROOT = macosx;
				SWIFT_EMIT_LOC_STRINGS = YES;
			};
			name = Debug;
		};
		F1CE82F4CEEADB4E6B19281D /* Release */ = {
			isa = XCBuildConfiguration;
			buildSettings = {
				ASSETCATALOG_COMPILER_APPICON_NAME = AppIcon;
				ASSETCATALOG_COMPILER_GLOBAL_ACCENT_COLOR_NAME = AccentColor;
				CODE_SIGN_ENTITLEMENTS = Config/MyHealthWatch.entitlements;
				CODE_SIGN_STYLE = Automatic;
				CURRENT_PROJECT_VERSION = 1;
				ENABLE_PREVIEWS = YES;
				GENERATE_INFOPLIST_FILE = YES;
				INFOPLIST_KEY_CFBundleDisplayName = MyHealth;
				INFOPLIST_KEY_NSHealthShareUsageDescription = "MyHealth reads your activity, heart, workout and nutrition data so it can chart your fitness over time.";
				INFOPLIST_KEY_NSHealthUpdateUsageDescription = "MyHealth saves the food, drink and body measurements you log so they appear in the Health app alongside everything else.";
				INFOPLIST_KEY_WKApplication = YES;
				INFOPLIST_KEY_WKRunsIndependentlyOfCompanionApp = YES;
				LD_RUNPATH_SEARCH_PATHS = (
					"$(inherited)",
					"@executable_path/Frameworks",
				);
				MARKETING_VERSION = 1.0;
				PRODUCT_BUNDLE_IDENTIFIER = com.example.MyHealth.watchkitapp;
				PRODUCT_NAME = "$(TARGET_NAME)";
				SDKROOT = watchos;
				SKIP_INSTALL = YES;
				SWIFT_EMIT_LOC_STRINGS = YES;
				TARGETED_DEVICE_FAMILY = 4;
				WATCHOS_DEPLOYMENT_TARGET = 10.0;
			};
			name = Release;
		};
/* End XCBuildConfiguration section */

/* Begin XCConfigurationList section */
		0D00591048F4E94E99EA44E5 /* Build configuration list for PBXProject "MyHealth" */ = {
			isa = XCConfigurationList;
			buildConfigurations = (
				5089F4ED4C9EEEA1E3856059 /* Debug */,
				1A8B01656E762A87999825E8 /* Release */,
			);
			defaultConfigurationIsVisible = 0;
			defaultConfigurationName = Release;
		};
		7493976B052A59714B694E7A /* Build configuration list for PBXNativeTarget "MyHealthPhone" */ = {
			isa = XCConfigurationList;
			buildConfigurations = (
				A872FE0A4DB4152A85E72F37 /* Debug */,
				D54BDF60101EB3F6C4DA1816 /* Release */,
			);
			defaultConfigurationIsVisible = 0;
			defaultConfigurationName = Release;
		};
		F5E32334F7B075E40BD21B50 /* Build configuration list for PBXNativeTarget "MyHealthWatch" */ = {
			isa = XCConfigurationList;
			buildConfigurations = (
				AB9FB6457AC82DC00366CF44 /* Debug */,
				F1CE82F4CEEADB4E6B19281D /* Release */,
			);
			defaultConfigurationIsVisible = 0;
			defaultConfigurationName = Release;
		};
		FA8003F4BA2A6F68954E35F5 /* Build configuration list for PBXNativeTarget "MyHealth" */ = {
			isa = XCConfigurationList;
			buildConfigurations = (
				E5B6A35C925BAC1D14A0F546 /* Debug */,
				1645AC0ACA5B8F118F609349 /* Release */,
			);
			defaultConfigurationIsVisible = 0;
			defaultConfigurationName = Release;
		};
/* End XCConfigurationList section */

/* Begin XCLocalSwiftPackageReference section */
		A23980FAA430BEE1AC9C87AD /* XCLocalSwiftPackageReference "Packages/HealthCore" */ = {
			isa = XCLocalSwiftPackageReference;
			relativePath = Packages/HealthCore;
		};
		B263BE8E983AC8366709F668 /* XCLocalSwiftPackageReference "Packages/HealthIntelligence" */ = {
			isa = XCLocalSwiftPackageReference;
			relativePath = Packages/HealthIntelligence;
		};
/* End XCLocalSwiftPackageReference section */

/* Begin XCSwiftPackageProductDependency section */
		22761626DF1EC9CA1C7FEABF /* HealthIntelligence */ = {
			isa = XCSwiftPackageProductDependency;
			productName = HealthIntelligence;
		};
		2BCE91EDC831DFCF1B1FDA5F /* HealthCore */ = {
			isa = XCSwiftPackageProductDependency;
			productName = HealthCore;
		};
		65B3B65C47F6D1BBADA305FB /* HealthCore */ = {
			isa = XCSwiftPackageProductDependency;
			productName = HealthCore;
		};
		77B9DEAD05EF66676E9CBD7C /* HealthIntelligence */ = {
			isa = XCSwiftPackageProductDependency;
			productName = HealthIntelligence;
		};
		AACABB6070E8EB7954A3D8BF /* HealthIntelligence */ = {
			isa = XCSwiftPackageProductDependency;
			productName = HealthIntelligence;
		};
		EE948AF685D79B1E2A501214 /* HealthCore */ = {
			isa = XCSwiftPackageProductDependency;
			productName = HealthCore;
		};
/* End XCSwiftPackageProductDependency section */
	};
	rootObject = 98F54143AB4E86B28C3AFEE0 /* Project object */;
}
